
Microsoft Visual Studio Solution File, Format Version 12.00
# Visual Studio Version 17
VisualStudioVersion = 17.5.33530.505
MinimumVisualStudioVersion = 10.0.40219.1
Project("{FAE04EC0-301F-11D3-BF4B-00C04F79EFBC}") = "DiamondProblem", "DiamondProblem\DiamondProblem.csproj", "{72572D30-1FB7-48F6-ADC2-BEE91C83E157}"
EndProject
Global
	GlobalSection(SolutionConfigurationPlatforms) = preSolution
		Debug|Any CPU = Debug|Any CPU
		Release|Any CPU = Release|Any CPU
	EndGlobalSection
	GlobalSection(ProjectConfigurationPlatforms) = postSolution
		{72572D30-1FB7-48F6-ADC2-BEE91C83E157}.Debug|Any CPU.ActiveCfg = Debug|Any CPU
		{72572D30-1FB7-48F6-ADC2-BEE91C83E157}.Debug|Any CPU.Build.0 = Debug|Any CPU
		{72572D30-1FB7-48F6-ADC2-BEE91C83E157}.Release|Any CPU.ActiveCfg = Release|Any CPU
		{72572D30-1FB7-48F6-ADC2-BEE91C83E157}.Release|Any CPU.Build.0 = Release|Any CPU
	EndGlobalSection
	GlobalSection(SolutionProperties) = preSolution
		HideSolutionNode = FALSE
	EndGlobalSection
	GlobalSection(ExtensibilityGlobals) = postSolution
		SolutionGuid = {4BD0B24D-9DBE-4E1C-B38C-B3259F003D41}
	EndGlobalSection
EndGlobal
